version = 1
requires-python = ">=3.12"

[[package]]
name = "ezdxf"
version = "1.3.4"
source = { registry = "https://pypi.org/simple" }
dependencies = [
    { name = "fonttools" },
    { name = "numpy" },
    { name = "pyparsing" },
    { name = "typing-extensions" },
]
sdist = { url = "https://files.pythonhosted.org/packages/e8/e6/c89b77637a0965f6db40a74c38739ec66d1cb6d8538b5c31099e2357f0d1/ezdxf-1.3.4.zip", hash = "sha256:d4f07a684a3adc79d2cb8168b57c60f5966c3ab641620092f36402201b960e7c", size = 2231856 }
wheels = [
    { url = "https://files.pythonhosted.org/packages/e1/f7/b7c7678f9de452f977334fb312f7bb4fa5768e86714f296ba4f5dc2b520b/ezdxf-1.3.4-cp312-cp312-macosx_10_13_universal2.whl", hash = "sha256:61ce5c7fa9cff42e38c4b53c1aca71bf30f018b3fe420f228812c412719008f5", size = 3430029 },
    { url = "https://files.pythonhosted.org/packages/9f/33/a8dbc312fa11213372fd34ef0e51f3e5abf4677f0636dba0a0b563c93b2a/ezdxf-1.3.4-cp312-cp312-macosx_10_13_x86_64.whl", hash = "sha256:ffbc5e5db4983b03261e251552c98758efc9e543e220ded844a990ccef30659f", size = 2893259 },
    { url = "https://files.pythonhosted.org/packages/82/c6/2539b12a0610751e698b83e4cc0d20d78cb8f23a029512c4d2073d276039/ezdxf-1.3.4-cp312-cp312-macosx_11_0_arm64.whl", hash = "sha256:f951c28167ec885492186af8a074d7edd308f4372457bb2f61e7011f5acd4fe0", size = 2856631 },
    { url = "https://files.pythonhosted.org/packages/93/59/087b83931813459f9353cad3ad0496317b135f0b16f368e0522a48a018c0/ezdxf-1.3.4-cp312-cp312-manylinux_2_17_aarch64.manylinux2014_aarch64.whl", hash = "sha256:6587705c07cd551b8058bb7e79b55caff0ad542a75bff54f64188b26d9862e35", size = 5565640 },
    { url = "https://files.pythonhosted.org/packages/51/74/4c3f7615c54579988c5926224c77777e5c67f5329c0fab9f0f7374f753ce/ezdxf-1.3.4-cp312-cp312-manylinux_2_17_x86_64.manylinux2014_x86_64.whl", hash = "sha256:c7f646c9bd4914697be84562f3590d2d716a6e8011f0e84961aaabd2ee0f67cd", size = 5618982 },
    { url = "https://files.pythonhosted.org/packages/37/b5/3e267847337462fcf428bec1ed7278b9ddb16ceac838e4f12b164720dd46/ezdxf-1.3.4-cp312-cp312-musllinux_1_2_aarch64.whl", hash = "sha256:6f70f465552f8224100c505629fbab7dd2370d97c4d559fc721221588a0fc9b0", size = 5529029 },
    { url = "https://files.pythonhosted.org/packages/84/14/96185819de6ffd7548694837b1b3943a344af57d7b7be8edac714748323b/ezdxf-1.3.4-cp312-cp312-musllinux_1_2_x86_64.whl", hash = "sha256:3980221137829e8f83f43240ca766b821424d724e31a1a43149a9705221495af", size = 5635715 },
    { url = "https://files.pythonhosted.org/packages/ea/9b/c16e4f4029e15abe693512fdef655178cd0d7b60afad5569f9c45537c1f2/ezdxf-1.3.4-cp312-cp312-win_amd64.whl", hash = "sha256:f80a91c69123a9642f1d55c1adf00436ef783fb6fa9d969971611c664a862fce", size = 2847468 },
    { url = "https://files.pythonhosted.org/packages/54/b8/85f24c41cb099785b2a5138a8688dd1d1efff19d6df1f66fb9573720a58c/ezdxf-1.3.4-cp313-cp313-macosx_10_13_universal2.whl", hash = "sha256:0d5e3db0ace0868e40fc7ea02581b2ca346761dee23cbce0b8ebfa76f5ee629c", size = 3412858 },
    { url = "https://files.pythonhosted.org/packages/51/d7/a04bb2cc6d9ac59aaa3424a50a148039e7faf79b82761e57d76461bc9b80/ezdxf-1.3.4-cp313-cp313-macosx_10_13_x86_64.whl", hash = "sha256:dde82e42e315d4bdccbbcb01a36a814a881f1a822662ab2705a91acfa6547a1f", size = 2884730 },
    { url = "https://files.pythonhosted.org/packages/02/19/a3c3f76c2767d91345a295c86db8546eef399b0b633a75ca60bcba1fcea1/ezdxf-1.3.4-cp313-cp313-macosx_11_0_arm64.whl", hash = "sha256:a1077815085fa7c1c4ccbcf553bbeeccaa998618becf74b672e0e4a896d8db6d", size = 2847881 },
    { url = "https://files.pythonhosted.org/packages/c4/d2/09421c9825be5a0defa4e72f275a44e45df63200d787377ab8c1f2f71354/ezdxf-1.3.4-cp313-cp313-manylinux_2_17_aarch64.manylinux2014_aarch64.whl", hash = "sha256:ded5f3fb8153dc8979d94c0f122971871ef9da533c8f32e11237a909c4bf6a32", size = 5517164 },
    { url = "https://files.pythonhosted.org/packages/37/f2/4d8bce1952c69b9d83c1acc8e65731df79290119bbb1c4e73c6a3fda7ce2/ezdxf-1.3.4-cp313-cp313-manylinux_2_17_x86_64.manylinux2014_x86_64.whl", hash = "sha256:a5f632376e936041e6a1415b2fb7346ab9a042e2d291e98be40c0c57869c6c03", size = 5574711 },
    { url = "https://files.pythonhosted.org/packages/17/ca/1cd33f4f8d7538f92f5616de2715491b5a5d1fcc4aa2e047b1705bbd2ed6/ezdxf-1.3.4-cp313-cp313-musllinux_1_2_aarch64.whl", hash = "sha256:17d7adcb663a1cb5534f1c878ce526749603c438363173e2a0bf4793b2a17cbe", size = 5485336 },
    { url = "https://files.pythonhosted.org/packages/fd/87/09fbd36ad0536cc7ac0d0faa717782821ee295baad7bd7428fe15ce2125f/ezdxf-1.3.4-cp313-cp313-musllinux_1_2_x86_64.whl", hash = "sha256:62eed6f214744ce49487f504bb96410cc836774df49793145cbd039ed01d1b90", size = 5591405 },
    { url = "https://files.pythonhosted.org/packages/bb/23/09b0031b6196c9984cfa645cd776897d0fc05146084441274fd005fc9432/ezdxf-1.3.4-cp313-cp313-win_amd64.whl", hash = "sha256:fdc80bdcf228c8c12e8087a936e5da9612f0d094568ddcc37a9d830ecf8fe9fd", size = 2843324 },
    { url = "https://files.pythonhosted.org/packages/af/31/0d207098dfa33d9f7b7d67cb055d60e94207ad2ca262a68630c282b19da9/ezdxf-1.3.4-py3-none-any.whl", hash = "sha256:640ac043f54af1c897d91ffbca162f29e015355b1683cc753cd51f8802893a38", size = 1316456 },
]

[[package]]
name = "fonttools"
version = "4.55.0"
source = { registry = "https://pypi.org/simple" }
sdist = { url = "https://files.pythonhosted.org/packages/d7/4e/053fe1b5c0ce346c0a9d0557492c654362bafb14f026eae0d3ee98009152/fonttools-4.55.0.tar.gz", hash = "sha256:7636acc6ab733572d5e7eec922b254ead611f1cdad17be3f0be7418e8bfaca71", size = 3490431 }
wheels = [
    { url = "https://files.pythonhosted.org/packages/ec/79/38209f8f6235021b6209147ec7b2f748afde65c59c6274ac96fef3912094/fonttools-4.55.0-cp312-cp312-macosx_10_13_universal2.whl", hash = "sha256:838d2d8870f84fc785528a692e724f2379d5abd3fc9dad4d32f91cf99b41e4a7", size = 2765205 },
    { url = "https://files.pythonhosted.org/packages/e3/07/434a21eab80524613c9753db2ff21d6bc3cf264412d8833a85022fd39088/fonttools-4.55.0-cp312-cp312-macosx_10_13_x86_64.whl", hash = "sha256:f46b863d74bab7bb0d395f3b68d3f52a03444964e67ce5c43ce43a75efce9246", size = 2293908 },
    { url = "https://files.pythonhosted.org/packages/c8/63/aa3274d9be36aaaef8c087e413cbc1dd682ff94776a82c111bad88482947/fonttools-4.55.0-cp312-cp312-manylinux_2_17_aarch64.manylinux2014_aarch64.whl", hash = "sha256:33b52a9cfe4e658e21b1f669f7309b4067910321757fec53802ca8f6eae96a5a", size = 4795901 },
    { url = "https://files.pythonhosted.org/packages/fc/0b/dbe13f2c8d745ffdf5c2bc25391263927d4ec2b927e44d5d5f70cd372873/fonttools-4.55.0-cp312-cp312-manylinux_2_5_x86_64.manylinux1_x86_64.manylinux_2_17_x86_64.manylinux2014_x86_64.whl", hash = "sha256:732a9a63d6ea4a81b1b25a1f2e5e143761b40c2e1b79bb2b68e4893f45139a40", size = 4879252 },
    { url = "https://files.pythonhosted.org/packages/46/85/eefb400ec66e9e7c159d13c72aba473d9c2a0c556d812b0916418aa9019e/fonttools-4.55.0-cp312-cp312-musllinux_1_2_aarch64.whl", hash = "sha256:7dd91ac3fcb4c491bb4763b820bcab6c41c784111c24172616f02f4bc227c17d", size = 4773177 },
    { url = "https://files.pythonhosted.org/packages/93/75/f06d175df4d7dbad97061c8698210ce4231cce9aa56cc263f3b6b5340540/fonttools-4.55.0-cp312-cp312-musllinux_1_2_x86_64.whl", hash = "sha256:1f0e115281a32ff532118aa851ef497a1b7cda617f4621c1cdf81ace3e36fb0c", size = 5032809 },
    { url = "https://files.pythonhosted.org/packages/78/eb/f3520ba63b5e4a034f2bfd34d8ab32eb95a1bf37a1f792ea48461fba08f6/fonttools-4.55.0-cp312-cp312-win32.whl", hash = "sha256:6c99b5205844f48a05cb58d4a8110a44d3038c67ed1d79eb733c4953c628b0f6", size = 2157762 },
    { url = "https://files.pythonhosted.org/packages/aa/d1/5f007861cab890f2a35a19a1d2a2815655ec10b0ea7fd881b1d3aaab0076/fonttools-4.55.0-cp312-cp312-win_amd64.whl", hash = "sha256:f8c8c76037d05652510ae45be1cd8fb5dd2fd9afec92a25374ac82255993d57c", size = 2203746 },
    { url = "https://files.pythonhosted.org/packages/c3/87/a669ac26c6077e37ffb06abf29c5571789eefe518d06c52df392181ee694/fonttools-4.55.0-cp313-cp313-macosx_10_13_universal2.whl", hash = "sha256:8118dc571921dc9e4b288d9cb423ceaf886d195a2e5329cc427df82bba872cd9", size = 2752519 },
    { url = "https://files.pythonhosted.org/packages/0c/e9/4822ad238fe215133c7df20f1cdb1a58cfb634a31523e77ff0fb2033970a/fonttools-4.55.0-cp313-cp313-macosx_10_13_x86_64.whl", hash = "sha256:01124f2ca6c29fad4132d930da69158d3f49b2350e4a779e1efbe0e82bd63f6c", size = 2286819 },
    { url = "https://files.pythonhosted.org/packages/3e/a4/d7941c3897129e60fe68d20e4819fda4d0c4858d77badae0e80ca6440b36/fonttools-4.55.0-cp313-cp313-manylinux_2_17_aarch64.manylinux2014_aarch64.whl", hash = "sha256:81ffd58d2691f11f7c8438796e9f21c374828805d33e83ff4b76e4635633674c", size = 4770382 },
    { url = "https://files.pythonhosted.org/packages/31/cf/c51ea1348f9fba9c627439afad9dee0090040809ab431f4422b5bfdda34c/fonttools-4.55.0-cp313-cp313-manylinux_2_5_x86_64.manylinux1_x86_64.manylinux_2_17_x86_64.manylinux2014_x86_64.whl", hash = "sha256:5435e5f1eb893c35c2bc2b9cd3c9596b0fcb0a59e7a14121562986dd4c47b8dd", size = 4858336 },
    { url = "https://files.pythonhosted.org/packages/73/be/36c1fe0e5c9a96b068ddd7e82001243bbe7fe12549c8d14e1bd025bf40c9/fonttools-4.55.0-cp313-cp313-musllinux_1_2_aarch64.whl", hash = "sha256:d12081729280c39d001edd0f4f06d696014c26e6e9a0a55488fabc37c28945e4", size = 4756072 },
    { url = "https://files.pythonhosted.org/packages/5c/18/6dd381c29f215a017f79aa9fea0722424a0046b47991c4390a78ff87ce0c/fonttools-4.55.0-cp313-cp313-musllinux_1_2_x86_64.whl", hash = "sha256:a7ad1f1b98ab6cb927ab924a38a8649f1ffd7525c75fe5b594f5dab17af70e18", size = 5008668 },
    { url = "https://files.pythonhosted.org/packages/b8/95/316f20092b389b927dba1d1dccd3f541853f96e707e210f1b9f4e7bacdd5/fonttools-4.55.0-cp313-cp313-win32.whl", hash = "sha256:abe62987c37630dca69a104266277216de1023cf570c1643bb3a19a9509e7a1b", size = 2155841 },
    { url = "https://files.pythonhosted.org/packages/35/ca/b4638aa3e446184892e2f9cc8ef44bb506f47fea04580df7fb84f5a4363d/fonttools-4.55.0-cp313-cp313-win_amd64.whl", hash = "sha256:2863555ba90b573e4201feaf87a7e71ca3b97c05aa4d63548a4b69ea16c9e998", size = 2200587 },
    { url = "https://files.pythonhosted.org/packages/b4/4a/786589606d4989cb34d8bc766cd687d955aaf3039c367fe7104bcf82dc98/fonttools-4.55.0-py3-none-any.whl", hash = "sha256:12db5888cd4dd3fcc9f0ee60c6edd3c7e1fd44b7dd0f31381ea03df68f8a153f", size = 1100249 },
]

[[package]]
name = "numpy"
version = "2.1.3"
source = { registry = "https://pypi.org/simple" }
sdist = { url = "https://files.pythonhosted.org/packages/25/ca/1166b75c21abd1da445b97bf1fa2f14f423c6cfb4fc7c4ef31dccf9f6a94/numpy-2.1.3.tar.gz", hash = "sha256:aa08e04e08aaf974d4458def539dece0d28146d866a39da5639596f4921fd761", size = 20166090 }
wheels = [
    { url = "https://files.pythonhosted.org/packages/8a/f0/385eb9970309643cbca4fc6eebc8bb16e560de129c91258dfaa18498da8b/numpy-2.1.3-cp312-cp312-macosx_10_13_x86_64.whl", hash = "sha256:f55ba01150f52b1027829b50d70ef1dafd9821ea82905b63936668403c3b471e", size = 20849658 },
    { url = "https://files.pythonhosted.org/packages/54/4a/765b4607f0fecbb239638d610d04ec0a0ded9b4951c56dc68cef79026abf/numpy-2.1.3-cp312-cp312-macosx_11_0_arm64.whl", hash = "sha256:13138eadd4f4da03074851a698ffa7e405f41a0845a6b1ad135b81596e4e9958", size = 13492258 },
    { url = "https://files.pythonhosted.org/packages/bd/a7/2332679479c70b68dccbf4a8eb9c9b5ee383164b161bee9284ac141fbd33/numpy-2.1.3-cp312-cp312-macosx_14_0_arm64.whl", hash = "sha256:a6b46587b14b888e95e4a24d7b13ae91fa22386c199ee7b418f449032b2fa3b8", size = 5090249 },
    { url = "https://files.pythonhosted.org/packages/c1/67/4aa00316b3b981a822c7a239d3a8135be2a6945d1fd11d0efb25d361711a/numpy-2.1.3-cp312-cp312-macosx_14_0_x86_64.whl", hash = "sha256:0fa14563cc46422e99daef53d725d0c326e99e468a9320a240affffe87852564", size = 6621704 },
    { url = "https://files.pythonhosted.org/packages/5e/da/1a429ae58b3b6c364eeec93bf044c532f2ff7b48a52e41050896cf15d5b1/numpy-2.1.3-cp312-cp312-manylinux_2_17_aarch64.manylinux2014_aarch64.whl", hash = "sha256:8637dcd2caa676e475503d1f8fdb327bc495554e10838019651b76d17b98e512", size = 13606089 },
    { url = "https://files.pythonhosted.org/packages/9e/3e/3757f304c704f2f0294a6b8340fcf2be244038be07da4cccf390fa678a9f/numpy-2.1.3-cp312-cp312-manylinux_2_17_x86_64.manylinux2014_x86_64.whl", hash = "sha256:2312b2aa89e1f43ecea6da6ea9a810d06aae08321609d8dc0d0eda6d946a541b", size = 16043185 },
    { url = "https://files.pythonhosted.org/packages/43/97/75329c28fea3113d00c8d2daf9bc5828d58d78ed661d8e05e234f86f0f6d/numpy-2.1.3-cp312-cp312-musllinux_1_1_x86_64.whl", hash = "sha256:a38c19106902bb19351b83802531fea19dee18e5b37b36454f27f11ff956f7fc", size = 16410751 },
    { url = "https://files.pythonhosted.org/packages/ad/7a/442965e98b34e0ae9da319f075b387bcb9a1e0658276cc63adb8c9686f7b/numpy-2.1.3-cp312-cp312-musllinux_1_2_aarch64.whl", hash = "sha256:02135ade8b8a84011cbb67dc44e07c58f28575cf9ecf8ab304e51c05528c19f0", size = 14082705 },
    { url = "https://files.pythonhosted.org/packages/ac/b6/26108cf2cfa5c7e03fb969b595c93131eab4a399762b51ce9ebec2332e80/numpy-2.1.3-cp312-cp312-win32.whl", hash = "sha256:e6988e90fcf617da2b5c78902fe8e668361b43b4fe26dbf2d7b0f8034d4cafb9", size = 6239077 },
    { url = "https://files.pythonhosted.org/packages/a6/84/fa11dad3404b7634aaab50733581ce11e5350383311ea7a7010f464c0170/numpy-2.1.3-cp312-cp312-win_amd64.whl", hash = "sha256:0d30c543f02e84e92c4b1f415b7c6b5326cbe45ee7882b6b77db7195fb971e3a", size = 12566858 },
    { url = "https://files.pythonhosted.org/packages/4d/0b/620591441457e25f3404c8057eb924d04f161244cb8a3680d529419aa86e/numpy-2.1.3-cp313-cp313-macosx_10_13_x86_64.whl", hash = "sha256:96fe52fcdb9345b7cd82ecd34547fca4321f7656d500eca497eb7ea5a926692f", size = 20836263 },
    { url = "https://files.pythonhosted.org/packages/45/e1/210b2d8b31ce9119145433e6ea78046e30771de3fe353f313b2778142f34/numpy-2.1.3-cp313-cp313-macosx_11_0_arm64.whl", hash = "sha256:f653490b33e9c3a4c1c01d41bc2aef08f9475af51146e4a7710c450cf9761598", size = 13507771 },
    { url = "https://files.pythonhosted.org/packages/55/44/aa9ee3caee02fa5a45f2c3b95cafe59c44e4b278fbbf895a93e88b308555/numpy-2.1.3-cp313-cp313-macosx_14_0_arm64.whl", hash = "sha256:dc258a761a16daa791081d026f0ed4399b582712e6fc887a95af09df10c5ca57", size = 5075805 },
    { url = "https://files.pythonhosted.org/packages/78/d6/61de6e7e31915ba4d87bbe1ae859e83e6582ea14c6add07c8f7eefd8488f/numpy-2.1.3-cp313-cp313-macosx_14_0_x86_64.whl", hash = "sha256:016d0f6f5e77b0f0d45d77387ffa4bb89816b57c835580c3ce8e099ef830befe", size = 6608380 },
    { url = "https://files.pythonhosted.org/packages/3e/46/48bdf9b7241e317e6cf94276fe11ba673c06d1fdf115d8b4ebf616affd1a/numpy-2.1.3-cp313-cp313-manylinux_2_17_aarch64.manylinux2014_aarch64.whl", hash = "sha256:c181ba05ce8299c7aa3125c27b9c2167bca4a4445b7ce73d5febc411ca692e43", size = 13602451 },
    { url = "https://files.pythonhosted.org/packages/70/50/73f9a5aa0810cdccda9c1d20be3cbe4a4d6ea6bfd6931464a44c95eef731/numpy-2.1.3-cp313-cp313-manylinux_2_17_x86_64.manylinux2014_x86_64.whl", hash = "sha256:5641516794ca9e5f8a4d17bb45446998c6554704d888f86df9b200e66bdcce56", size = 16039822 },
    { url = "https://files.pythonhosted.org/packages/ad/cd/098bc1d5a5bc5307cfc65ee9369d0ca658ed88fbd7307b0d49fab6ca5fa5/numpy-2.1.3-cp313-cp313-musllinux_1_1_x86_64.whl", hash = "sha256:ea4dedd6e394a9c180b33c2c872b92f7ce0f8e7ad93e9585312b0c5a04777a4a", size = 16411822 },
    { url = "https://files.pythonhosted.org/packages/83/a2/7d4467a2a6d984549053b37945620209e702cf96a8bc658bc04bba13c9e2/numpy-2.1.3-cp313-cp313-musllinux_1_2_aarch64.whl", hash = "sha256:b0df3635b9c8ef48bd3be5f862cf71b0a4716fa0e702155c45067c6b711ddcef", size = 14079598 },
    { url = "https://files.pythonhosted.org/packages/e9/6a/d64514dcecb2ee70bfdfad10c42b76cab657e7ee31944ff7a600f141d9e9/numpy-2.1.3-cp313-cp313-win32.whl", hash = "sha256:50ca6aba6e163363f132b5c101ba078b8cbd3fa92c7865fd7d4d62d9779ac29f", size = 6236021 },
    { url = "https://files.pythonhosted.org/packages/bb/f9/12297ed8d8301a401e7d8eb6b418d32547f1d700ed3c038d325a605421a4/numpy-2.1.3-cp313-cp313-win_amd64.whl", hash = "sha256:747641635d3d44bcb380d950679462fae44f54b131be347d5ec2bce47d3df9ed", size = 12560405 },
    { url = "https://files.pythonhosted.org/packages/a7/45/7f9244cd792e163b334e3a7f02dff1239d2890b6f37ebf9e82cbe17debc0/numpy-2.1.3-cp313-cp313t-macosx_10_13_x86_64.whl", hash = "sha256:996bb9399059c5b82f76b53ff8bb686069c05acc94656bb259b1d63d04a9506f", size = 20859062 },
    { url = "https://files.pythonhosted.org/packages/b1/b4/a084218e7e92b506d634105b13e27a3a6645312b93e1c699cc9025adb0e1/numpy-2.1.3-cp313-cp313t-macosx_11_0_arm64.whl", hash = "sha256:45966d859916ad02b779706bb43b954281db43e185015df6eb3323120188f9e4", size = 13515839 },
    { url = "https://files.pythonhosted.org/packages/27/45/58ed3f88028dcf80e6ea580311dc3edefdd94248f5770deb980500ef85dd/numpy-2.1.3-cp313-cp313t-macosx_14_0_arm64.whl", hash = "sha256:baed7e8d7481bfe0874b566850cb0b85243e982388b7b23348c6db2ee2b2ae8e", size = 5116031 },
    { url = "https://files.pythonhosted.org/packages/37/a8/eb689432eb977d83229094b58b0f53249d2209742f7de529c49d61a124a0/numpy-2.1.3-cp313-cp313t-macosx_14_0_x86_64.whl", hash = "sha256:a9f7f672a3388133335589cfca93ed468509cb7b93ba3105fce780d04a6576a0", size = 6629977 },
    { url = "https://files.pythonhosted.org/packages/42/a3/5355ad51ac73c23334c7caaed01adadfda49544f646fcbfbb4331deb267b/numpy-2.1.3-cp313-cp313t-manylinux_2_17_aarch64.manylinux2014_aarch64.whl", hash = "sha256:d7aac50327da5d208db2eec22eb11e491e3fe13d22653dce51b0f4109101b408", size = 13575951 },
    { url = "https://files.pythonhosted.org/packages/c4/70/ea9646d203104e647988cb7d7279f135257a6b7e3354ea6c56f8bafdb095/numpy-2.1.3-cp313-cp313t-manylinux_2_17_x86_64.manylinux2014_x86_64.whl", hash = "sha256:4394bc0dbd074b7f9b52024832d16e019decebf86caf909d94f6b3f77a8ee3b6", size = 16022655 },
    { url = "https://files.pythonhosted.org/packages/14/ce/7fc0612903e91ff9d0b3f2eda4e18ef9904814afcae5b0f08edb7f637883/numpy-2.1.3-cp313-cp313t-musllinux_1_1_x86_64.whl", hash = "sha256:50d18c4358a0a8a53f12a8ba9d772ab2d460321e6a93d6064fc22443d189853f", size = 16399902 },
    { url = "https://files.pythonhosted.org/packages/ef/62/1d3204313357591c913c32132a28f09a26357e33ea3c4e2fe81269e0dca1/numpy-2.1.3-cp313-cp313t-musllinux_1_2_aarch64.whl", hash = "sha256:14e253bd43fc6b37af4921b10f6add6925878a42a0c5fe83daee390bca80bc17", size = 14067180 },
    { url = "https://files.pythonhosted.org/packages/24/d7/78a40ed1d80e23a774cb8a34ae8a9493ba1b4271dde96e56ccdbab1620ef/numpy-2.1.3-cp313-cp313t-win32.whl", hash = "sha256:08788d27a5fd867a663f6fc753fd7c3ad7e92747efc73c53bca2f19f8bc06f48", size = 6291907 },
    { url = "https://files.pythonhosted.org/packages/86/09/a5ab407bd7f5f5599e6a9261f964ace03a73e7c6928de906981c31c38082/numpy-2.1.3-cp313-cp313t-win_amd64.whl", hash = "sha256:2564fbdf2b99b3f815f2107c1bbc93e2de8ee655a69c261363a1172a79a257d4", size = 12644098 },
]

[[package]]
name = "pile-reaction-plotter"
version = "0.1.0"
source = { virtual = "." }
dependencies = [
    { name = "ezdxf" },
]

[package.metadata]
requires-dist = [{ name = "ezdxf", specifier = ">=1.3.4" }]

[[package]]
name = "pyparsing"
version = "3.2.0"
source = { registry = "https://pypi.org/simple" }
sdist = { url = "https://files.pythonhosted.org/packages/8c/d5/e5aeee5387091148a19e1145f63606619cb5f20b83fccb63efae6474e7b2/pyparsing-3.2.0.tar.gz", hash = "sha256:cbf74e27246d595d9a74b186b810f6fbb86726dbf3b9532efb343f6d7294fe9c", size = 920984 }
wheels = [
    { url = "https://files.pythonhosted.org/packages/be/ec/2eb3cd785efd67806c46c13a17339708ddc346cbb684eade7a6e6f79536a/pyparsing-3.2.0-py3-none-any.whl", hash = "sha256:93d9577b88da0bbea8cc8334ee8b918ed014968fd2ec383e868fb8afb1ccef84", size = 106921 },
]

[[package]]
name = "typing-extensions"
version = "4.12.2"
source = { registry = "https://pypi.org/simple" }
sdist = { url = "https://files.pythonhosted.org/packages/df/db/f35a00659bc03fec321ba8bce9420de607a1d37f8342eee1863174c69557/typing_extensions-4.12.2.tar.gz", hash = "sha256:1a7ead55c7e559dd4dee8856e3a88b41225abfe1ce8df57b7c13915fe121ffb8", size = 85321 }
wheels = [
    { url = "https://files.pythonhosted.org/packages/26/9f/ad63fc0248c5379346306f8668cda6e2e2e9c95e01216d2b8ffd9ff037d0/typing_extensions-4.12.2-py3-none-any.whl", hash = "sha256:04e5ca0351e0f3f85c6853954072df659d0d13fac324d0072316b67d7794700d", size = 37438 },
]
